
Microsoft Visual Studio Solution File, Format Version 11.00
# Visual Web Developer Express 2010
Project("{FAE04EC0-301F-11D3-BF4B-00C04F79EFBC}") = "GENIVisuals", "GENIVisuals\GENIVisuals.csproj", "{DB9F32B6-7B9D-47BF-82B0-ECB47766A035}"
EndProject
Project("{FAE04EC0-301F-11D3-BF4B-00C04F79EFBC}") = "GENIVisuals.Web", "GENIVisuals.Web\GENIVisuals.Web.csproj", "{0D821966-5E0E-48A3-80C5-F6F21242C2D1}"
EndProject
Project("{FAE04EC0-301F-11D3-BF4B-00C04F79EFBC}") = "MatrixMathHelpers", "MatrixMathHelpers\MatrixMathHelpers.csproj", "{CE3ECB42-6014-4CD9-94BE-7DA32D07D5DD}"
EndProject
Project("{FAE04EC0-301F-11D3-BF4B-00C04F79EFBC}") = "PathAnimation", "PathAnimation\PathAnimation.csproj", "{99A2F7CF-1226-4A28-A080-97DA5673C772}"
EndProject
Project("{FAE04EC0-301F-11D3-BF4B-00C04F79EFBC}") = "PathGeometryHelper", "PathGeometryHelper\PathGeometryHelper.csproj", "{71F22218-892E-4C5E-A385-3B72B6A891F9}"
EndProject
Global
	GlobalSection(SolutionConfigurationPlatforms) = preSolution
		Debug|Any CPU = Debug|Any CPU
		Release|Any CPU = Release|Any CPU
	EndGlobalSection
	GlobalSection(ProjectConfigurationPlatforms) = postSolution
		{DB9F32B6-7B9D-47BF-82B0-ECB47766A035}.Debug|Any CPU.ActiveCfg = Debug|Any CPU
		{DB9F32B6-7B9D-47BF-82B0-ECB47766A035}.Debug|Any CPU.Build.0 = Debug|Any CPU
		{DB9F32B6-7B9D-47BF-82B0-ECB47766A035}.Release|Any CPU.ActiveCfg = Release|Any CPU
		{DB9F32B6-7B9D-47BF-82B0-ECB47766A035}.Release|Any CPU.Build.0 = Release|Any CPU
		{0D821966-5E0E-48A3-80C5-F6F21242C2D1}.Debug|Any CPU.ActiveCfg = Debug|Any CPU
		{0D821966-5E0E-48A3-80C5-F6F21242C2D1}.Debug|Any CPU.Build.0 = Debug|Any CPU
		{0D821966-5E0E-48A3-80C5-F6F21242C2D1}.Release|Any CPU.ActiveCfg = Release|Any CPU
		{0D821966-5E0E-48A3-80C5-F6F21242C2D1}.Release|Any CPU.Build.0 = Release|Any CPU
		{CE3ECB42-6014-4CD9-94BE-7DA32D07D5DD}.Debug|Any CPU.ActiveCfg = Debug|Any CPU
		{CE3ECB42-6014-4CD9-94BE-7DA32D07D5DD}.Debug|Any CPU.Build.0 = Debug|Any CPU
		{CE3ECB42-6014-4CD9-94BE-7DA32D07D5DD}.Release|Any CPU.ActiveCfg = Release|Any CPU
		{CE3ECB42-6014-4CD9-94BE-7DA32D07D5DD}.Release|Any CPU.Build.0 = Release|Any CPU
		{99A2F7CF-1226-4A28-A080-97DA5673C772}.Debug|Any CPU.ActiveCfg = Debug|Any CPU
		{99A2F7CF-1226-4A28-A080-97DA5673C772}.Debug|Any CPU.Build.0 = Debug|Any CPU
		{99A2F7CF-1226-4A28-A080-97DA5673C772}.Release|Any CPU.ActiveCfg = Release|Any CPU
		{99A2F7CF-1226-4A28-A080-97DA5673C772}.Release|Any CPU.Build.0 = Release|Any CPU
		{71F22218-892E-4C5E-A385-3B72B6A891F9}.Debug|Any CPU.ActiveCfg = Debug|Any CPU
		{71F22218-892E-4C5E-A385-3B72B6A891F9}.Debug|Any CPU.Build.0 = Debug|Any CPU
		{71F22218-892E-4C5E-A385-3B72B6A891F9}.Release|Any CPU.ActiveCfg = Release|Any CPU
		{71F22218-892E-4C5E-A385-3B72B6A891F9}.Release|Any CPU.Build.0 = Release|Any CPU
	EndGlobalSection
	GlobalSection(SolutionProperties) = preSolution
		HideSolutionNode = FALSE
	EndGlobalSection
EndGlobal
